
Microsoft Visual Studio Solution File, Format Version 12.00
# Visual Studio Version 17
VisualStudioVersion = 17.9.34622.214
MinimumVisualStudioVersion = 10.0.40219.1
Project("{FAE04EC0-301F-11D3-BF4B-00C04F79EFBC}") = "Data Compression Module", "Data Compression Module\Data Compression Module.csproj", "{95C9DC5B-D2F2-4893-9DB4-13D7748FC619}"
EndProject
Global
	GlobalSection(SolutionConfigurationPlatforms) = preSolution
		Debug|Any CPU = Debug|Any CPU
		Release|Any CPU = Release|Any CPU
	EndGlobalSection
	GlobalSection(ProjectConfigurationPlatforms) = postSolution
		{95C9DC5B-D2F2-4893-9DB4-13D7748FC619}.Debug|Any CPU.ActiveCfg = Debug|Any CPU
		{95C9DC5B-D2F2-4893-9DB4-13D7748FC619}.Debug|Any CPU.Build.0 = Debug|Any CPU
		{95C9DC5B-D2F2-4893-9DB4-13D7748FC619}.Release|Any CPU.ActiveCfg = Release|Any CPU
		{95C9DC5B-D2F2-4893-9DB4-13D7748FC619}.Release|Any CPU.Build.0 = Release|Any CPU
	EndGlobalSection
	GlobalSection(SolutionProperties) = preSolution
		HideSolutionNode = FALSE
	EndGlobalSection
	GlobalSection(ExtensibilityGlobals) = postSolution
		SolutionGuid = {42D363C7-FA99-445F-A47B-3FC82C20EF93}
	EndGlobalSection
EndGlobal
